
Microsoft Visual Studio Solution File, Format Version 12.00
# Visual Studio Version 17
VisualStudioVersion = 17.9.34728.123
MinimumVisualStudioVersion = 10.0.40219.1
Project("{FAE04EC0-301F-11D3-BF4B-00C04F79EFBC}") = "AppSh", "AppSh\AppSh.csproj", "{A2887FC7-3A44-4E44-ABA6-40086D5FF2CA}"
EndProject
Global
	GlobalSection(SolutionConfigurationPlatforms) = preSolution
		Debug|Any CPU = Debug|Any CPU
		Release|Any CPU = Release|Any CPU
	EndGlobalSection
	GlobalSection(ProjectConfigurationPlatforms) = postSolution
		{A2887FC7-3A44-4E44-ABA6-40086D5FF2CA}.Debug|Any CPU.ActiveCfg = Debug|Any CPU
		{A2887FC7-3A44-4E44-ABA6-40086D5FF2CA}.Debug|Any CPU.Build.0 = Debug|Any CPU
		{A2887FC7-3A44-4E44-ABA6-40086D5FF2CA}.Release|Any CPU.ActiveCfg = Release|Any CPU
		{A2887FC7-3A44-4E44-ABA6-40086D5FF2CA}.Release|Any CPU.Build.0 = Release|Any CPU
	EndGlobalSection
	GlobalSection(SolutionProperties) = preSolution
		HideSolutionNode = FALSE
	EndGlobalSection
	GlobalSection(ExtensibilityGlobals) = postSolution
		SolutionGuid = {6F5765C0-B725-4117-8164-7C56FDB81E2F}
	EndGlobalSection
EndGlobal
